
Microsoft Visual Studio Solution File, Format Version 12.00
# Visual Studio 15
VisualStudioVersion = 15.0.27703.2035
MinimumVisualStudioVersion = 10.0.40219.1
Project("{FAE04EC0-301F-11D3-BF4B-00C04F79EFBC}") = "Rent", "Rent\Rent.csproj", "{A30C7313-03BF-4A8F-AB6C-09DD72BD8A5A}"
EndProject
Global
	GlobalSection(SolutionConfigurationPlatforms) = preSolution
		Debug|Any CPU = Debug|Any CPU
		Release|Any CPU = Release|Any CPU
	EndGlobalSection
	GlobalSection(ProjectConfigurationPlatforms) = postSolution
		{A30C7313-03BF-4A8F-AB6C-09DD72BD8A5A}.Debug|Any CPU.ActiveCfg = Debug|Any CPU
		{A30C7313-03BF-4A8F-AB6C-09DD72BD8A5A}.Debug|Any CPU.Build.0 = Debug|Any CPU
		{A30C7313-03BF-4A8F-AB6C-09DD72BD8A5A}.Release|Any CPU.ActiveCfg = Release|Any CPU
		{A30C7313-03BF-4A8F-AB6C-09DD72BD8A5A}.Release|Any CPU.Build.0 = Release|Any CPU
	EndGlobalSection
	GlobalSection(SolutionProperties) = preSolution
		HideSolutionNode = FALSE
	EndGlobalSection
	GlobalSection(ExtensibilityGlobals) = postSolution
		SolutionGuid = {613305DA-6ED2-49B6-B279-F430B567DEE4}
	EndGlobalSection
EndGlobal
