
Microsoft Visual Studio Solution File, Format Version 12.00
# Visual Studio 15
VisualStudioVersion = 15.0.27703.2035
MinimumVisualStudioVersion = 10.0.40219.1
Project("{FAE04EC0-301F-11D3-BF4B-00C04F79EFBC}") = "CountryWeb", "CountryWeb\CountryWeb.csproj", "{8ECC5A74-9ABF-44EC-BDEF-BEF44A523303}"
EndProject
Global
	GlobalSection(SolutionConfigurationPlatforms) = preSolution
		Debug|Any CPU = Debug|Any CPU
		Release|Any CPU = Release|Any CPU
	EndGlobalSection
	GlobalSection(ProjectConfigurationPlatforms) = postSolution
		{8ECC5A74-9ABF-44EC-BDEF-BEF44A523303}.Debug|Any CPU.ActiveCfg = Debug|Any CPU
		{8ECC5A74-9ABF-44EC-BDEF-BEF44A523303}.Debug|Any CPU.Build.0 = Debug|Any CPU
		{8ECC5A74-9ABF-44EC-BDEF-BEF44A523303}.Release|Any CPU.ActiveCfg = Release|Any CPU
		{8ECC5A74-9ABF-44EC-BDEF-BEF44A523303}.Release|Any CPU.Build.0 = Release|Any CPU
	EndGlobalSection
	GlobalSection(SolutionProperties) = preSolution
		HideSolutionNode = FALSE
	EndGlobalSection
	GlobalSection(ExtensibilityGlobals) = postSolution
		SolutionGuid = {8D8E15E9-1DB7-48CD-85F3-34EEA5C31BDA}
	EndGlobalSection
EndGlobal
